
Microsoft Visual Studio Solution File, Format Version 12.00
# Visual Studio Version 17
VisualStudioVersion = 17.14.37411.7 d17.14
MinimumVisualStudioVersion = 10.0.40219.1
Project("{FAE04EC0-301F-11D3-BF4B-00C04F79EFBC}") = "WinFormsApp_datagridview", "WinFormsApp_datagridview.csproj", "{59959153-5D8A-4954-93D5-D9C237030E83}"
EndProject
Global
	GlobalSection(SolutionConfigurationPlatforms) = preSolution
		Debug|Any CPU = Debug|Any CPU
		Release|Any CPU = Release|Any CPU
	EndGlobalSection
	GlobalSection(ProjectConfigurationPlatforms) = postSolution
		{59959153-5D8A-4954-93D5-D9C237030E83}.Debug|Any CPU.ActiveCfg = Debug|Any CPU
		{59959153-5D8A-4954-93D5-D9C237030E83}.Debug|Any CPU.Build.0 = Debug|Any CPU
		{59959153-5D8A-4954-93D5-D9C237030E83}.Release|Any CPU.ActiveCfg = Release|Any CPU
		{59959153-5D8A-4954-93D5-D9C237030E83}.Release|Any CPU.Build.0 = Release|Any CPU
	EndGlobalSection
	GlobalSection(SolutionProperties) = preSolution
		HideSolutionNode = FALSE
	EndGlobalSection
	GlobalSection(ExtensibilityGlobals) = postSolution
		SolutionGuid = {A6346F8B-9DB9-4D09-B0F0-B102148FEEF7}
	EndGlobalSection
EndGlobal
